<?xml version="1.0" encoding="utf-8"?>
<Project ToolsVersion="4.0" xmlns="http://schemas.microsoft.com/developer/msbuild/2003">
  <ItemGroup>
    <Filter Include="Source Files">
      <UniqueIdentifier>{f01a7e68-ec2b-4f7f-bd56-6a6960e52aa7}</UniqueIdentifier>
      <Extensions>cpp;c;cxx</Extensions>
    </Filter>
    <Filter Include="Header Files">
      <UniqueIdentifier>{95777870-b226-4662-88dc-c49f048530e4}</UniqueIdentifier>
      <Extensions>h;hpp;hxx</Extensions>
    </Filter>
    <Filter Include="Header Files\dlls">
      <UniqueIdentifier>{05d63ac8-2f78-4f4f-9851-97dd2ed149ea}</UniqueIdentifier>
    </Filter>
    <Filter Include="Header Files\common">
      <UniqueIdentifier>{cab4c39d-a4cf-4c72-b46d-f4e7b7c95ca8}</UniqueIdentifier>
    </Filter>
    <Filter Include="Header Files\engine">
      <UniqueIdentifier>{9f86742d-83dd-484a-88d8-d87508be55b7}</UniqueIdentifier>
    </Filter>
    <Filter Include="Header Files\pm_shared">
      <UniqueIdentifier>{7db7c20b-8b55-4a04-aeec-46827f59b09e}</UniqueIdentifier>
    </Filter>
    <Filter Include="Header Files\public headers">
      <UniqueIdentifier>{f5fa759d-9d21-4dc6-8973-0755217d50d1}</UniqueIdentifier>
      <Extensions>h;hpp;hxx</Extensions>
    </Filter>
    <Filter Include="Other Files">
      <UniqueIdentifier>{cb15e9d2-0b65-4a06-9938-83774704e565}</UniqueIdentifier>
    </Filter>
    <Filter Include="Source Files\common code">
      <UniqueIdentifier>{a688ddbd-7271-47b9-b0d8-10f820e56c16}</UniqueIdentifier>
    </Filter>
  </ItemGroup>
  <ItemGroup>
    <ClCompile Include="bot.cpp">
      <Filter>Source Files</Filter>
    </ClCompile>
    <ClCompile Include="bot_chat.cpp">
      <Filter>Source Files</Filter>
    </ClCompile>
    <ClCompile Include="bot_client.cpp">
      <Filter>Source Files</Filter>
    </ClCompile>
    <ClCompile Include="bot_combat.cpp">
      <Filter>Source Files</Filter>
    </ClCompile>
    <ClCompile Include="bot_commands.cpp">
      <Filter>Source Files</Filter>
    </ClCompile>
    <ClCompile Include="bot_logo.cpp">
      <Filter>Source Files</Filter>
    </ClCompile>
    <ClCompile Include="bot_navigate.cpp">
      <Filter>Source Files</Filter>
    </ClCompile>
    <ClCompile Include="dll.cpp">
      <Filter>Source Files</Filter>
    </ClCompile>
    <ClCompile Include="engine.cpp">
      <Filter>Source Files</Filter>
    </ClCompile>
    <ClCompile Include="h_export.cpp">
      <Filter>Source Files</Filter>
    </ClCompile>
    <ClCompile Include="linkfunc.cpp">
      <Filter>Source Files</Filter>
    </ClCompile>
    <ClCompile Include="namefunc.cpp">
      <Filter>Source Files</Filter>
    </ClCompile>
    <ClCompile Include="util.cpp">
      <Filter>Source Files</Filter>
    </ClCompile>
    <ClCompile Include="waypoint.cpp">
      <Filter>Source Files</Filter>
    </ClCompile>
    <ClCompile Include="..\common\util_vector.cpp">
      <Filter>Source Files\common code</Filter>
    </ClCompile>
    <ClCompile Include="..\common\vector.cpp">
      <Filter>Source Files\common code</Filter>
    </ClCompile>
    <ClCompile Include="..\common\util_common.cpp">
      <Filter>Source Files\common code</Filter>
    </ClCompile>
  </ItemGroup>
  <ItemGroup>
    <ClInclude Include="..\dlls\basemonster.h">
      <Filter>Header Files\dlls</Filter>
    </ClInclude>
    <ClInclude Include="..\dlls\cbase.h">
      <Filter>Header Files\dlls</Filter>
    </ClInclude>
    <ClInclude Include="..\dlls\extdll.h">
      <Filter>Header Files\dlls</Filter>
    </ClInclude>
    <ClInclude Include="..\dlls\monsterevent.h">
      <Filter>Header Files\dlls</Filter>
    </ClInclude>
    <ClInclude Include="..\dlls\saverestore.h">
      <Filter>Header Files\dlls</Filter>
    </ClInclude>
    <ClInclude Include="..\dlls\schedule.h">
      <Filter>Header Files\dlls</Filter>
    </ClInclude>
    <ClInclude Include="..\dlls\vector.h">
      <Filter>Header Files\dlls</Filter>
    </ClInclude>
    <ClInclude Include="..\common\activity.h">
      <Filter>Header Files\common</Filter>
    </ClInclude>
    <ClInclude Include="..\common\cdll_dll.h">
      <Filter>Header Files\common</Filter>
    </ClInclude>
    <ClInclude Include="..\common\const.h">
      <Filter>Header Files\common</Filter>
    </ClInclude>
    <ClInclude Include="..\common\crc.h">
      <Filter>Header Files\common</Filter>
    </ClInclude>
    <ClInclude Include="..\common\cvardef.h">
      <Filter>Header Files\common</Filter>
    </ClInclude>
    <ClInclude Include="..\common\damage.h">
      <Filter>Header Files\common</Filter>
    </ClInclude>
    <ClInclude Include="..\common\entity_state.h">
      <Filter>Header Files\common</Filter>
    </ClInclude>
    <ClInclude Include="..\common\event_flags.h">
      <Filter>Header Files\common</Filter>
    </ClInclude>
    <ClInclude Include="..\common\gamedefs.h">
      <Filter>Header Files\common</Filter>
    </ClInclude>
    <ClInclude Include="..\common\in_buttons.h">
      <Filter>Header Files\common</Filter>
    </ClInclude>
    <ClInclude Include="..\common\platform.h">
      <Filter>Header Files\common</Filter>
    </ClInclude>
    <ClInclude Include="..\common\Sequence.h">
      <Filter>Header Files\common</Filter>
    </ClInclude>
    <ClInclude Include="..\dlls\sound.h">
      <Filter>Header Files\common</Filter>
    </ClInclude>
    <ClInclude Include="..\common\studio_event.h">
      <Filter>Header Files\common</Filter>
    </ClInclude>
    <ClInclude Include="..\common\usercmd.h">
      <Filter>Header Files\common</Filter>
    </ClInclude>
    <ClInclude Include="..\common\vector.h">
      <Filter>Header Files\common</Filter>
    </ClInclude>
    <ClInclude Include="..\common\weapondef.h">
      <Filter>Header Files\common</Filter>
    </ClInclude>
    <ClInclude Include="..\common\weaponinfo.h">
      <Filter>Header Files\common</Filter>
    </ClInclude>
    <ClInclude Include="..\engine\archtypes.h">
      <Filter>Header Files\engine</Filter>
    </ClInclude>
    <ClInclude Include="..\engine\custom.h">
      <Filter>Header Files\engine</Filter>
    </ClInclude>
    <ClInclude Include="..\engine\edict.h">
      <Filter>Header Files\engine</Filter>
    </ClInclude>
    <ClInclude Include="..\engine\eiface.h">
      <Filter>Header Files\engine</Filter>
    </ClInclude>
    <ClInclude Include="..\engine\progdefs.h">
      <Filter>Header Files\engine</Filter>
    </ClInclude>
    <ClInclude Include="..\engine\Sequence.h">
      <Filter>Header Files\engine</Filter>
    </ClInclude>
    <ClInclude Include="..\engine\studio.h">
      <Filter>Header Files\engine</Filter>
    </ClInclude>
    <ClInclude Include="..\pm_shared\pm_info.h">
      <Filter>Header Files\pm_shared</Filter>
    </ClInclude>
    <ClInclude Include="..\pm_shared\pm_materials.h">
      <Filter>Header Files\pm_shared</Filter>
    </ClInclude>
    <ClInclude Include="..\pm_shared\pm_shared.h">
      <Filter>Header Files\pm_shared</Filter>
    </ClInclude>
    <ClInclude Include="..\public\archtypes.h">
      <Filter>Header Files\public headers</Filter>
    </ClInclude>
    <ClInclude Include="..\public\steam\steamtypes.h">
      <Filter>Header Files\public headers</Filter>
    </ClInclude>
    <ClInclude Include="..\common\basetsd.h">
      <Filter>Header Files</Filter>
    </ClInclude>
    <ClInclude Include="bot.h">
      <Filter>Header Files</Filter>
    </ClInclude>
    <ClInclude Include="bot_client.h">
      <Filter>Header Files</Filter>
    </ClInclude>
    <ClInclude Include="bot_cvar.h">
      <Filter>Header Files</Filter>
    </ClInclude>
    <ClInclude Include="bot_func.h">
      <Filter>Header Files</Filter>
    </ClInclude>
    <ClInclude Include="bot_weapons.h">
      <Filter>Header Files</Filter>
    </ClInclude>
    <ClInclude Include="engine.h">
      <Filter>Header Files</Filter>
    </ClInclude>
    <ClInclude Include="enginecallback.h">
      <Filter>Header Files</Filter>
    </ClInclude>
    <ClInclude Include="util.h">
      <Filter>Header Files</Filter>
    </ClInclude>
    <ClInclude Include="waypoint.h">
      <Filter>Header Files</Filter>
    </ClInclude>
    <ClInclude Include="..\common\protocol.h">
      <Filter>Header Files\common</Filter>
    </ClInclude>
    <ClInclude Include="..\common\util_common.h">
      <Filter>Header Files\common</Filter>
    </ClInclude>
  </ItemGroup>
  <ItemGroup>
    <CustomBuild Include="XBM.def">
      <Filter>Other Files</Filter>
    </CustomBuild>
  </ItemGroup>
  <ItemGroup>
    <None Include="Makefile">
      <Filter>Other Files</Filter>
    </None>
  </ItemGroup>
</Project>